{
  "requires": true,
  "lockfileVersion": 1,
  "dependencies": {
    "configs": {
      "version": "file:../common/configs"
    },
    "order": {
      "version": "file:../common/order",
      "requires": {
        "base-common": "file:../common/base-common"
      },
      "dependencies": {
        "base-common": {
          "version": "file:../common/base-common"
        }
      }
    },
    "unipay": {
      "version": "file:../common/unipay"
    }
  }
}
