{
  "name": "cloud-mall",
  "version": "1.0.0",
  "lockfileVersion": 1,
  "requires": true,
  "dependencies": {
    "base-common": {
      "version": "file:../common/base-common"
    },
    "configs": {
      "version": "file:../common/configs"
    },
    "order": {
      "version": "file:../common/order",
      "requires": {
        "base-common": "file:../common/base-common",
        "printers": "file:../common/printers"
      },
      "dependencies": {
        "base-common": {
          "version": "file:../common/base-common",
          "bundled": true
        },
        "printers": {
          "version": "file:../common/printers",
          "bundled": true,
          "requires": {
            "base-common": "file:../common/base-common",
            "configs": "file:../common/configs",
            "md5": "2.3.0",
            "uuid": "3.4.0"
          },
          "dependencies": {
            "base-common": {
              "version": "file:../common/base-common",
              "bundled": true
            },
            "charenc": {
              "version": "0.0.2",
              "bundled": true
            },
            "configs": {
              "version": "file:../common/configs",
              "bundled": true
            },
            "crypt": {
              "version": "0.0.2",
              "bundled": true
            },
            "is-buffer": {
              "version": "1.1.6",
              "bundled": true
            },
            "md5": {
              "version": "2.3.0",
              "bundled": true,
              "requires": {
                "charenc": "0.0.2",
                "crypt": "0.0.2",
                "is-buffer": "1.1.6"
              }
            },
            "uuid": {
              "version": "3.4.0",
              "bundled": true
            }
          }
        }
      }
    },
    "uni-id": {
      "version": "file:../common/uni-id"
    },
    "unipay": {
      "version": "file:../common/unipay"
    }
  }
}
