{
  "requires": true,
  "lockfileVersion": 1,
  "dependencies": {
    "login": {
      "version": "file:../common/login",
      "requires": {
        "base-common": "file:../common/base-common",
        "node-rsa": "1.0.8"
      },
      "dependencies": {
        "asn1": {
          "version": "0.2.4",
          "bundled": true,
          "requires": {
            "safer-buffer": "2.1.2"
          }
        },
        "base-common": {
          "version": "file:../common/base-common",
          "bundled": true
        },
        "node-rsa": {
          "version": "1.0.8",
          "bundled": true,
          "requires": {
            "asn1": "0.2.4"
          }
        },
        "safer-buffer": {
          "version": "2.1.2",
          "bundled": true
        }
      }
    }
  }
}
