{
  "name": "order",
  "version": "1.0.0",
  "lockfileVersion": 1,
  "requires": true,
  "dependencies": {
    "base-common": {
      "version": "file:../base-common"
    },
    "printers": {
      "version": "file:../printers",
      "requires": {
        "base-common": "file:../base-common",
        "md5": "2.3.0",
        "uuid": "3.4.0"
      },
      "dependencies": {
        "base-common": {
          "version": "file:../base-common",
          "bundled": true
        },
        "charenc": {
          "version": "0.0.2",
          "bundled": true
        },
        "configs": {
          "version": "file:../configs",
          "bundled": true
        },
        "crypt": {
          "version": "0.0.2",
          "bundled": true
        },
        "is-buffer": {
          "version": "1.1.6",
          "bundled": true
        },
        "md5": {
          "version": "2.3.0",
          "bundled": true,
          "requires": {
            "charenc": "0.0.2",
            "crypt": "0.0.2",
            "is-buffer": "1.1.6"
          }
        },
        "uuid": {
          "version": "3.4.0",
          "bundled": true
        }
      }
    }
  }
}
